
Microsoft Visual Studio Solution File, Format Version 12.00
# Visual Studio Version 17
VisualStudioVersion = 17.1.32414.318
MinimumVisualStudioVersion = 10.0.40219.1
Project("{FAE04EC0-301F-11D3-BF4B-00C04F79EFBC}") = "week4", "week4\week4.csproj", "{47BA7087-3DA1-458F-ADDE-49D3A987C3D1}"
EndProject
Global
	GlobalSection(SolutionConfigurationPlatforms) = preSolution
		Debug|Any CPU = Debug|Any CPU
		Release|Any CPU = Release|Any CPU
	EndGlobalSection
	GlobalSection(ProjectConfigurationPlatforms) = postSolution
		{47BA7087-3DA1-458F-ADDE-49D3A987C3D1}.Debug|Any CPU.ActiveCfg = Debug|Any CPU
		{47BA7087-3DA1-458F-ADDE-49D3A987C3D1}.Debug|Any CPU.Build.0 = Debug|Any CPU
		{47BA7087-3DA1-458F-ADDE-49D3A987C3D1}.Release|Any CPU.ActiveCfg = Release|Any CPU
		{47BA7087-3DA1-458F-ADDE-49D3A987C3D1}.Release|Any CPU.Build.0 = Release|Any CPU
	EndGlobalSection
	GlobalSection(SolutionProperties) = preSolution
		HideSolutionNode = FALSE
	EndGlobalSection
	GlobalSection(ExtensibilityGlobals) = postSolution
		SolutionGuid = {799299AB-6F84-4510-957C-88C7E10E520F}
	EndGlobalSection
EndGlobal
